
Microsoft Visual Studio Solution File, Format Version 12.00
# Visual Studio Version 17
VisualStudioVersion = 17.2.32505.173
MinimumVisualStudioVersion = 10.0.40219.1
Project("{FAE04EC0-301F-11D3-BF4B-00C04F79EFBC}") = "Patter", "Patter\Patter.csproj", "{3D7754F1-C5FD-40E3-AC9F-5A09FE7232CC}"
EndProject
Project("{2150E333-8FDC-42A3-9474-1A3956D46DE8}") = "4-Infraestructura", "4-Infraestructura", "{52E2D37C-7E5B-4510-9CC3-7F9C8E5FE45A}"
EndProject
Project("{FAE04EC0-301F-11D3-BF4B-00C04F79EFBC}") = "Infroestructura.Contexto", "Infroestructura.Contexto\Infroestructura.Contexto.csproj", "{5ED80991-B5EC-4AAA-99AD-94CE8D868490}"
EndProject
Project("{FAE04EC0-301F-11D3-BF4B-00C04F79EFBC}") = "Infroestructura.IoC", "Infroestructura.IoC\Infroestructura.IoC.csproj", "{7F97A0D7-5BD9-4CD7-A4B7-AB9CD54BF092}"
EndProject
Project("{FAE04EC0-301F-11D3-BF4B-00C04F79EFBC}") = "Infroestructura.Migrations", "Infroestructura.Migrations\Infroestructura.Migrations.csproj", "{3A6F4F36-BF6E-48F4-B6CF-D012C795DABA}"
EndProject
Project("{FAE04EC0-301F-11D3-BF4B-00C04F79EFBC}") = "Infroestructura.Repositories", "Infroestructura.Repositories\Infroestructura.Repositories.csproj", "{D89C4D0B-FD43-4131-99CE-FFC20BCD2D67}"
EndProject
Project("{FAE04EC0-301F-11D3-BF4B-00C04F79EFBC}") = "Infroestructura.UoW", "Infroestructura.UoW\Infroestructura.UoW.csproj", "{360D3ED2-8CFA-4CF2-80EE-48C8EE34C17D}"
EndProject
Project("{2150E333-8FDC-42A3-9474-1A3956D46DE8}") = "3-Dominio", "3-Dominio", "{5384FAD1-7E2A-471E-A964-8A25DE9C3EC5}"
EndProject
Project("{FAE04EC0-301F-11D3-BF4B-00C04F79EFBC}") = "Dominio.Core", "Dominio.Core\Dominio.Core.csproj", "{246E897B-2FED-40F0-9DDC-9A2D8372B796}"
EndProject
Project("{FAE04EC0-301F-11D3-BF4B-00C04F79EFBC}") = "Dominio.Contratos", "Dominio.Contratos\Dominio.Contratos.csproj", "{72505C97-23DD-4290-ADFE-B0C5D2059EF1}"
EndProject
Project("{FAE04EC0-301F-11D3-BF4B-00C04F79EFBC}") = "Dominio.Entidades", "Dominio.Entidades\Dominio.Entidades.csproj", "{82DCD790-EBEC-484D-B135-C81E36210184}"
EndProject
Project("{FAE04EC0-301F-11D3-BF4B-00C04F79EFBC}") = "Dominio.Negocio", "Dominio.Negocio\Dominio.Negocio.csproj", "{A2775490-AAB8-4255-9EF7-AC52B419CBFE}"
EndProject
Project("{FAE04EC0-301F-11D3-BF4B-00C04F79EFBC}") = "Dominio.Servicios", "Dominio.Servicios\Dominio.Servicios.csproj", "{145E32A4-890B-4BAB-AF5C-3EEF18A98209}"
EndProject
Project("{2150E333-8FDC-42A3-9474-1A3956D46DE8}") = "2-Aplicacion", "2-Aplicacion", "{CA5B7038-5295-4D99-991F-7A9C4039BE42}"
EndProject
Project("{FAE04EC0-301F-11D3-BF4B-00C04F79EFBC}") = "Aplicacion.Contrato", "Aplicacion.Contrato\Aplicacion.Contrato.csproj", "{116F440E-0A93-4814-B7E8-7F6619FC939F}"
EndProject
Project("{FAE04EC0-301F-11D3-BF4B-00C04F79EFBC}") = "Aplicacion.DTO", "Aplicacion.DTO\Aplicacion.DTO.csproj", "{3FF8CD0B-E3C2-4B76-93B8-3C7746D34AAB}"
EndProject
Project("{FAE04EC0-301F-11D3-BF4B-00C04F79EFBC}") = "Aplicacion.Map", "Aplicacion.Map\Aplicacion.Map.csproj", "{0253E734-F399-4911-9642-8BFED58CBD2C}"
EndProject
Project("{FAE04EC0-301F-11D3-BF4B-00C04F79EFBC}") = "Aplicacion.Servicio", "Aplicacion.Servicio\Aplicacion.Servicio.csproj", "{F3A19820-25DC-47C5-A8A7-0952F7805581}"
EndProject
Project("{2150E333-8FDC-42A3-9474-1A3956D46DE8}") = "1-Presentacion", "1-Presentacion", "{AE079BE6-FFD3-4709-B71A-FBC0E4D47290}"
EndProject
Global
	GlobalSection(SolutionConfigurationPlatforms) = preSolution
		Debug|Any CPU = Debug|Any CPU
		Release|Any CPU = Release|Any CPU
	EndGlobalSection
	GlobalSection(ProjectConfigurationPlatforms) = postSolution
		{3D7754F1-C5FD-40E3-AC9F-5A09FE7232CC}.Debug|Any CPU.ActiveCfg = Debug|Any CPU
		{3D7754F1-C5FD-40E3-AC9F-5A09FE7232CC}.Debug|Any CPU.Build.0 = Debug|Any CPU
		{3D7754F1-C5FD-40E3-AC9F-5A09FE7232CC}.Release|Any CPU.ActiveCfg = Release|Any CPU
		{3D7754F1-C5FD-40E3-AC9F-5A09FE7232CC}.Release|Any CPU.Build.0 = Release|Any CPU
		{5ED80991-B5EC-4AAA-99AD-94CE8D868490}.Debug|Any CPU.ActiveCfg = Debug|Any CPU
		{5ED80991-B5EC-4AAA-99AD-94CE8D868490}.Debug|Any CPU.Build.0 = Debug|Any CPU
		{5ED80991-B5EC-4AAA-99AD-94CE8D868490}.Release|Any CPU.ActiveCfg = Release|Any CPU
		{5ED80991-B5EC-4AAA-99AD-94CE8D868490}.Release|Any CPU.Build.0 = Release|Any CPU
		{7F97A0D7-5BD9-4CD7-A4B7-AB9CD54BF092}.Debug|Any CPU.ActiveCfg = Debug|Any CPU
		{7F97A0D7-5BD9-4CD7-A4B7-AB9CD54BF092}.Debug|Any CPU.Build.0 = Debug|Any CPU
		{7F97A0D7-5BD9-4CD7-A4B7-AB9CD54BF092}.Release|Any CPU.ActiveCfg = Release|Any CPU
		{7F97A0D7-5BD9-4CD7-A4B7-AB9CD54BF092}.Release|Any CPU.Build.0 = Release|Any CPU
		{3A6F4F36-BF6E-48F4-B6CF-D012C795DABA}.Debug|Any CPU.ActiveCfg = Debug|Any CPU
		{3A6F4F36-BF6E-48F4-B6CF-D012C795DABA}.Debug|Any CPU.Build.0 = Debug|Any CPU
		{3A6F4F36-BF6E-48F4-B6CF-D012C795DABA}.Release|Any CPU.ActiveCfg = Release|Any CPU
		{3A6F4F36-BF6E-48F4-B6CF-D012C795DABA}.Release|Any CPU.Build.0 = Release|Any CPU
		{D89C4D0B-FD43-4131-99CE-FFC20BCD2D67}.Debug|Any CPU.ActiveCfg = Debug|Any CPU
		{D89C4D0B-FD43-4131-99CE-FFC20BCD2D67}.Debug|Any CPU.Build.0 = Debug|Any CPU
		{D89C4D0B-FD43-4131-99CE-FFC20BCD2D67}.Release|Any CPU.ActiveCfg = Release|Any CPU
		{D89C4D0B-FD43-4131-99CE-FFC20BCD2D67}.Release|Any CPU.Build.0 = Release|Any CPU
		{360D3ED2-8CFA-4CF2-80EE-48C8EE34C17D}.Debug|Any CPU.ActiveCfg = Debug|Any CPU
		{360D3ED2-8CFA-4CF2-80EE-48C8EE34C17D}.Debug|Any CPU.Build.0 = Debug|Any CPU
		{360D3ED2-8CFA-4CF2-80EE-48C8EE34C17D}.Release|Any CPU.ActiveCfg = Release|Any CPU
		{360D3ED2-8CFA-4CF2-80EE-48C8EE34C17D}.Release|Any CPU.Build.0 = Release|Any CPU
		{246E897B-2FED-40F0-9DDC-9A2D8372B796}.Debug|Any CPU.ActiveCfg = Debug|Any CPU
		{246E897B-2FED-40F0-9DDC-9A2D8372B796}.Debug|Any CPU.Build.0 = Debug|Any CPU
		{246E897B-2FED-40F0-9DDC-9A2D8372B796}.Release|Any CPU.ActiveCfg = Release|Any CPU
		{246E897B-2FED-40F0-9DDC-9A2D8372B796}.Release|Any CPU.Build.0 = Release|Any CPU
		{72505C97-23DD-4290-ADFE-B0C5D2059EF1}.Debug|Any CPU.ActiveCfg = Debug|Any CPU
		{72505C97-23DD-4290-ADFE-B0C5D2059EF1}.Debug|Any CPU.Build.0 = Debug|Any CPU
		{72505C97-23DD-4290-ADFE-B0C5D2059EF1}.Release|Any CPU.ActiveCfg = Release|Any CPU
		{72505C97-23DD-4290-ADFE-B0C5D2059EF1}.Release|Any CPU.Build.0 = Release|Any CPU
		{82DCD790-EBEC-484D-B135-C81E36210184}.Debug|Any CPU.ActiveCfg = Debug|Any CPU
		{82DCD790-EBEC-484D-B135-C81E36210184}.Debug|Any CPU.Build.0 = Debug|Any CPU
		{82DCD790-EBEC-484D-B135-C81E36210184}.Release|Any CPU.ActiveCfg = Release|Any CPU
		{82DCD790-EBEC-484D-B135-C81E36210184}.Release|Any CPU.Build.0 = Release|Any CPU
		{A2775490-AAB8-4255-9EF7-AC52B419CBFE}.Debug|Any CPU.ActiveCfg = Debug|Any CPU
		{A2775490-AAB8-4255-9EF7-AC52B419CBFE}.Debug|Any CPU.Build.0 = Debug|Any CPU
		{A2775490-AAB8-4255-9EF7-AC52B419CBFE}.Release|Any CPU.ActiveCfg = Release|Any CPU
		{A2775490-AAB8-4255-9EF7-AC52B419CBFE}.Release|Any CPU.Build.0 = Release|Any CPU
		{145E32A4-890B-4BAB-AF5C-3EEF18A98209}.Debug|Any CPU.ActiveCfg = Debug|Any CPU
		{145E32A4-890B-4BAB-AF5C-3EEF18A98209}.Debug|Any CPU.Build.0 = Debug|Any CPU
		{145E32A4-890B-4BAB-AF5C-3EEF18A98209}.Release|Any CPU.ActiveCfg = Release|Any CPU
		{145E32A4-890B-4BAB-AF5C-3EEF18A98209}.Release|Any CPU.Build.0 = Release|Any CPU
		{116F440E-0A93-4814-B7E8-7F6619FC939F}.Debug|Any CPU.ActiveCfg = Debug|Any CPU
		{116F440E-0A93-4814-B7E8-7F6619FC939F}.Debug|Any CPU.Build.0 = Debug|Any CPU
		{116F440E-0A93-4814-B7E8-7F6619FC939F}.Release|Any CPU.ActiveCfg = Release|Any CPU
		{116F440E-0A93-4814-B7E8-7F6619FC939F}.Release|Any CPU.Build.0 = Release|Any CPU
		{3FF8CD0B-E3C2-4B76-93B8-3C7746D34AAB}.Debug|Any CPU.ActiveCfg = Debug|Any CPU
		{3FF8CD0B-E3C2-4B76-93B8-3C7746D34AAB}.Debug|Any CPU.Build.0 = Debug|Any CPU
		{3FF8CD0B-E3C2-4B76-93B8-3C7746D34AAB}.Release|Any CPU.ActiveCfg = Release|Any CPU
		{3FF8CD0B-E3C2-4B76-93B8-3C7746D34AAB}.Release|Any CPU.Build.0 = Release|Any CPU
		{0253E734-F399-4911-9642-8BFED58CBD2C}.Debug|Any CPU.ActiveCfg = Debug|Any CPU
		{0253E734-F399-4911-9642-8BFED58CBD2C}.Debug|Any CPU.Build.0 = Debug|Any CPU
		{0253E734-F399-4911-9642-8BFED58CBD2C}.Release|Any CPU.ActiveCfg = Release|Any CPU
		{0253E734-F399-4911-9642-8BFED58CBD2C}.Release|Any CPU.Build.0 = Release|Any CPU
		{F3A19820-25DC-47C5-A8A7-0952F7805581}.Debug|Any CPU.ActiveCfg = Debug|Any CPU
		{F3A19820-25DC-47C5-A8A7-0952F7805581}.Debug|Any CPU.Build.0 = Debug|Any CPU
		{F3A19820-25DC-47C5-A8A7-0952F7805581}.Release|Any CPU.ActiveCfg = Release|Any CPU
		{F3A19820-25DC-47C5-A8A7-0952F7805581}.Release|Any CPU.Build.0 = Release|Any CPU
	EndGlobalSection
	GlobalSection(SolutionProperties) = preSolution
		HideSolutionNode = FALSE
	EndGlobalSection
	GlobalSection(NestedProjects) = preSolution
		{3D7754F1-C5FD-40E3-AC9F-5A09FE7232CC} = {AE079BE6-FFD3-4709-B71A-FBC0E4D47290}
		{5ED80991-B5EC-4AAA-99AD-94CE8D868490} = {52E2D37C-7E5B-4510-9CC3-7F9C8E5FE45A}
		{7F97A0D7-5BD9-4CD7-A4B7-AB9CD54BF092} = {52E2D37C-7E5B-4510-9CC3-7F9C8E5FE45A}
		{3A6F4F36-BF6E-48F4-B6CF-D012C795DABA} = {52E2D37C-7E5B-4510-9CC3-7F9C8E5FE45A}
		{D89C4D0B-FD43-4131-99CE-FFC20BCD2D67} = {52E2D37C-7E5B-4510-9CC3-7F9C8E5FE45A}
		{360D3ED2-8CFA-4CF2-80EE-48C8EE34C17D} = {52E2D37C-7E5B-4510-9CC3-7F9C8E5FE45A}
		{246E897B-2FED-40F0-9DDC-9A2D8372B796} = {5384FAD1-7E2A-471E-A964-8A25DE9C3EC5}
		{72505C97-23DD-4290-ADFE-B0C5D2059EF1} = {5384FAD1-7E2A-471E-A964-8A25DE9C3EC5}
		{82DCD790-EBEC-484D-B135-C81E36210184} = {5384FAD1-7E2A-471E-A964-8A25DE9C3EC5}
		{A2775490-AAB8-4255-9EF7-AC52B419CBFE} = {5384FAD1-7E2A-471E-A964-8A25DE9C3EC5}
		{145E32A4-890B-4BAB-AF5C-3EEF18A98209} = {5384FAD1-7E2A-471E-A964-8A25DE9C3EC5}
		{116F440E-0A93-4814-B7E8-7F6619FC939F} = {CA5B7038-5295-4D99-991F-7A9C4039BE42}
		{3FF8CD0B-E3C2-4B76-93B8-3C7746D34AAB} = {CA5B7038-5295-4D99-991F-7A9C4039BE42}
		{0253E734-F399-4911-9642-8BFED58CBD2C} = {CA5B7038-5295-4D99-991F-7A9C4039BE42}
		{F3A19820-25DC-47C5-A8A7-0952F7805581} = {CA5B7038-5295-4D99-991F-7A9C4039BE42}
	EndGlobalSection
	GlobalSection(ExtensibilityGlobals) = postSolution
		SolutionGuid = {687C6EF3-C83E-43EA-BFB5-EDA7690E6A78}
	EndGlobalSection
EndGlobal
